
Microsoft Visual Studio Solution File, Format Version 12.00
# Visual Studio 15
VisualStudioVersion = 15.0.28307.539
MinimumVisualStudioVersion = 10.0.40219.1
Project("{FAE04EC0-301F-11D3-BF4B-00C04F79EFBC}") = "test07_1", "test07\test07_1.csproj", "{FC5CA54D-8879-4595-972D-C0C18E02E3C7}"
EndProject
Project("{FAE04EC0-301F-11D3-BF4B-00C04F79EFBC}") = "test07_2", "test07_2\test07_2.csproj", "{504D7485-D073-4553-BB5D-53B547045DB2}"
EndProject
Project("{FAE04EC0-301F-11D3-BF4B-00C04F79EFBC}") = "test07_3", "test07_3\test07_3.csproj", "{D92F65ED-CE72-468C-A8F6-92A53F894B37}"
EndProject
Project("{FAE04EC0-301F-11D3-BF4B-00C04F79EFBC}") = "test07_4", "test07_4\test07_4.csproj", "{B0656C6A-87F6-430B-A477-4C8A198DCDDF}"
EndProject
Global
	GlobalSection(SolutionConfigurationPlatforms) = preSolution
		Debug|Any CPU = Debug|Any CPU
		Release|Any CPU = Release|Any CPU
	EndGlobalSection
	GlobalSection(ProjectConfigurationPlatforms) = postSolution
		{FC5CA54D-8879-4595-972D-C0C18E02E3C7}.Debug|Any CPU.ActiveCfg = Debug|Any CPU
		{FC5CA54D-8879-4595-972D-C0C18E02E3C7}.Debug|Any CPU.Build.0 = Debug|Any CPU
		{FC5CA54D-8879-4595-972D-C0C18E02E3C7}.Release|Any CPU.ActiveCfg = Release|Any CPU
		{FC5CA54D-8879-4595-972D-C0C18E02E3C7}.Release|Any CPU.Build.0 = Release|Any CPU
		{504D7485-D073-4553-BB5D-53B547045DB2}.Debug|Any CPU.ActiveCfg = Debug|Any CPU
		{504D7485-D073-4553-BB5D-53B547045DB2}.Debug|Any CPU.Build.0 = Debug|Any CPU
		{504D7485-D073-4553-BB5D-53B547045DB2}.Release|Any CPU.ActiveCfg = Release|Any CPU
		{504D7485-D073-4553-BB5D-53B547045DB2}.Release|Any CPU.Build.0 = Release|Any CPU
		{D92F65ED-CE72-468C-A8F6-92A53F894B37}.Debug|Any CPU.ActiveCfg = Debug|Any CPU
		{D92F65ED-CE72-468C-A8F6-92A53F894B37}.Debug|Any CPU.Build.0 = Debug|Any CPU
		{D92F65ED-CE72-468C-A8F6-92A53F894B37}.Release|Any CPU.ActiveCfg = Release|Any CPU
		{D92F65ED-CE72-468C-A8F6-92A53F894B37}.Release|Any CPU.Build.0 = Release|Any CPU
		{B0656C6A-87F6-430B-A477-4C8A198DCDDF}.Debug|Any CPU.ActiveCfg = Debug|Any CPU
		{B0656C6A-87F6-430B-A477-4C8A198DCDDF}.Debug|Any CPU.Build.0 = Debug|Any CPU
		{B0656C6A-87F6-430B-A477-4C8A198DCDDF}.Release|Any CPU.ActiveCfg = Release|Any CPU
		{B0656C6A-87F6-430B-A477-4C8A198DCDDF}.Release|Any CPU.Build.0 = Release|Any CPU
	EndGlobalSection
	GlobalSection(SolutionProperties) = preSolution
		HideSolutionNode = FALSE
	EndGlobalSection
	GlobalSection(ExtensibilityGlobals) = postSolution
		SolutionGuid = {6A5A9205-DD79-4F5C-8127-AB7391ED5B56}
	EndGlobalSection
EndGlobal
